
Microsoft Visual Studio Solution File, Format Version 12.00
# Visual Studio 15
VisualStudioVersion = 15.0.26124.0
MinimumVisualStudioVersion = 15.0.26124.0
Project("{2150E333-8FDC-42A3-9474-1A3956D46DE8}") = "src", "src", "{DE626DDD-5125-43F1-9FD2-2E2A7CCF7065}"
EndProject
Project("{FAE04EC0-301F-11D3-BF4B-00C04F79EFBC}") = "Practice", "src\Practice\Practice.csproj", "{F791BF7C-0449-4772-A8DD-C55411E96967}"
EndProject
Project("{FAE04EC0-301F-11D3-BF4B-00C04F79EFBC}") = "Practice.Data", "src\Practice.Data\Practice.Data.csproj", "{AD24FB1E-48C3-49A6-A304-58F6EA1B59B6}"
EndProject
Project("{FAE04EC0-301F-11D3-BF4B-00C04F79EFBC}") = "Practice.Web", "src\Practice.Web\Practice.Web.csproj", "{541B6704-83A4-4E4E-A675-F34720F31809}"
EndProject
Project("{FAE04EC0-301F-11D3-BF4B-00C04F79EFBC}") = "Practice.Frontend", "src\Practice.Frontend\Practice.Frontend.csproj", "{C16F0FCD-F792-4ED4-BD77-26603A283E7E}"
EndProject
Global
	GlobalSection(SolutionConfigurationPlatforms) = preSolution
		Debug|Any CPU = Debug|Any CPU
		Debug|x64 = Debug|x64
		Debug|x86 = Debug|x86
		Release|Any CPU = Release|Any CPU
		Release|x64 = Release|x64
		Release|x86 = Release|x86
	EndGlobalSection
	GlobalSection(SolutionProperties) = preSolution
		HideSolutionNode = FALSE
	EndGlobalSection
	GlobalSection(NestedProjects) = preSolution
		{F791BF7C-0449-4772-A8DD-C55411E96967} = {DE626DDD-5125-43F1-9FD2-2E2A7CCF7065}
		{AD24FB1E-48C3-49A6-A304-58F6EA1B59B6} = {DE626DDD-5125-43F1-9FD2-2E2A7CCF7065}
		{541B6704-83A4-4E4E-A675-F34720F31809} = {DE626DDD-5125-43F1-9FD2-2E2A7CCF7065}
		{C16F0FCD-F792-4ED4-BD77-26603A283E7E} = {DE626DDD-5125-43F1-9FD2-2E2A7CCF7065}
	EndGlobalSection
	GlobalSection(ProjectConfigurationPlatforms) = postSolution
		{F791BF7C-0449-4772-A8DD-C55411E96967}.Debug|Any CPU.ActiveCfg = Debug|Any CPU
		{F791BF7C-0449-4772-A8DD-C55411E96967}.Debug|Any CPU.Build.0 = Debug|Any CPU
		{F791BF7C-0449-4772-A8DD-C55411E96967}.Debug|x64.ActiveCfg = Debug|Any CPU
		{F791BF7C-0449-4772-A8DD-C55411E96967}.Debug|x64.Build.0 = Debug|Any CPU
		{F791BF7C-0449-4772-A8DD-C55411E96967}.Debug|x86.ActiveCfg = Debug|Any CPU
		{F791BF7C-0449-4772-A8DD-C55411E96967}.Debug|x86.Build.0 = Debug|Any CPU
		{F791BF7C-0449-4772-A8DD-C55411E96967}.Release|Any CPU.ActiveCfg = Release|Any CPU
		{F791BF7C-0449-4772-A8DD-C55411E96967}.Release|Any CPU.Build.0 = Release|Any CPU
		{F791BF7C-0449-4772-A8DD-C55411E96967}.Release|x64.ActiveCfg = Release|Any CPU
		{F791BF7C-0449-4772-A8DD-C55411E96967}.Release|x64.Build.0 = Release|Any CPU
		{F791BF7C-0449-4772-A8DD-C55411E96967}.Release|x86.ActiveCfg = Release|Any CPU
		{F791BF7C-0449-4772-A8DD-C55411E96967}.Release|x86.Build.0 = Release|Any CPU
		{AD24FB1E-48C3-49A6-A304-58F6EA1B59B6}.Debug|Any CPU.ActiveCfg = Debug|Any CPU
		{AD24FB1E-48C3-49A6-A304-58F6EA1B59B6}.Debug|Any CPU.Build.0 = Debug|Any CPU
		{AD24FB1E-48C3-49A6-A304-58F6EA1B59B6}.Debug|x64.ActiveCfg = Debug|Any CPU
		{AD24FB1E-48C3-49A6-A304-58F6EA1B59B6}.Debug|x64.Build.0 = Debug|Any CPU
		{AD24FB1E-48C3-49A6-A304-58F6EA1B59B6}.Debug|x86.ActiveCfg = Debug|Any CPU
		{AD24FB1E-48C3-49A6-A304-58F6EA1B59B6}.Debug|x86.Build.0 = Debug|Any CPU
		{AD24FB1E-48C3-49A6-A304-58F6EA1B59B6}.Release|Any CPU.ActiveCfg = Release|Any CPU
		{AD24FB1E-48C3-49A6-A304-58F6EA1B59B6}.Release|Any CPU.Build.0 = Release|Any CPU
		{AD24FB1E-48C3-49A6-A304-58F6EA1B59B6}.Release|x64.ActiveCfg = Release|Any CPU
		{AD24FB1E-48C3-49A6-A304-58F6EA1B59B6}.Release|x64.Build.0 = Release|Any CPU
		{AD24FB1E-48C3-49A6-A304-58F6EA1B59B6}.Release|x86.ActiveCfg = Release|Any CPU
		{AD24FB1E-48C3-49A6-A304-58F6EA1B59B6}.Release|x86.Build.0 = Release|Any CPU
		{541B6704-83A4-4E4E-A675-F34720F31809}.Debug|Any CPU.ActiveCfg = Debug|Any CPU
		{541B6704-83A4-4E4E-A675-F34720F31809}.Debug|Any CPU.Build.0 = Debug|Any CPU
		{541B6704-83A4-4E4E-A675-F34720F31809}.Debug|x64.ActiveCfg = Debug|Any CPU
		{541B6704-83A4-4E4E-A675-F34720F31809}.Debug|x64.Build.0 = Debug|Any CPU
		{541B6704-83A4-4E4E-A675-F34720F31809}.Debug|x86.ActiveCfg = Debug|Any CPU
		{541B6704-83A4-4E4E-A675-F34720F31809}.Debug|x86.Build.0 = Debug|Any CPU
		{541B6704-83A4-4E4E-A675-F34720F31809}.Release|Any CPU.ActiveCfg = Release|Any CPU
		{541B6704-83A4-4E4E-A675-F34720F31809}.Release|Any CPU.Build.0 = Release|Any CPU
		{541B6704-83A4-4E4E-A675-F34720F31809}.Release|x64.ActiveCfg = Release|Any CPU
		{541B6704-83A4-4E4E-A675-F34720F31809}.Release|x64.Build.0 = Release|Any CPU
		{541B6704-83A4-4E4E-A675-F34720F31809}.Release|x86.ActiveCfg = Release|Any CPU
		{541B6704-83A4-4E4E-A675-F34720F31809}.Release|x86.Build.0 = Release|Any CPU
		{C16F0FCD-F792-4ED4-BD77-26603A283E7E}.Debug|Any CPU.ActiveCfg = Debug|Any CPU
		{C16F0FCD-F792-4ED4-BD77-26603A283E7E}.Debug|Any CPU.Build.0 = Debug|Any CPU
		{C16F0FCD-F792-4ED4-BD77-26603A283E7E}.Debug|x64.ActiveCfg = Debug|Any CPU
		{C16F0FCD-F792-4ED4-BD77-26603A283E7E}.Debug|x64.Build.0 = Debug|Any CPU
		{C16F0FCD-F792-4ED4-BD77-26603A283E7E}.Debug|x86.ActiveCfg = Debug|Any CPU
		{C16F0FCD-F792-4ED4-BD77-26603A283E7E}.Debug|x86.Build.0 = Debug|Any CPU
		{C16F0FCD-F792-4ED4-BD77-26603A283E7E}.Release|Any CPU.ActiveCfg = Release|Any CPU
		{C16F0FCD-F792-4ED4-BD77-26603A283E7E}.Release|Any CPU.Build.0 = Release|Any CPU
		{C16F0FCD-F792-4ED4-BD77-26603A283E7E}.Release|x64.ActiveCfg = Release|Any CPU
		{C16F0FCD-F792-4ED4-BD77-26603A283E7E}.Release|x64.Build.0 = Release|Any CPU
		{C16F0FCD-F792-4ED4-BD77-26603A283E7E}.Release|x86.ActiveCfg = Release|Any CPU
		{C16F0FCD-F792-4ED4-BD77-26603A283E7E}.Release|x86.Build.0 = Release|Any CPU
	EndGlobalSection
EndGlobal
